
Microsoft Visual Studio Solution File, Format Version 12.00
# Visual Studio Version 17
VisualStudioVersion = 17.14.36429.23 d17.14
MinimumVisualStudioVersion = 10.0.40219.1
Project("{FAE04EC0-301F-11D3-BF4B-00C04F79EFBC}") = "HR System.API", "HR System.API\HR System.API.csproj", "{1B6CF2C6-239E-4AD4-B358-3698A9DE98AD}"
EndProject
Project("{FAE04EC0-301F-11D3-BF4B-00C04F79EFBC}") = "HR System.BLL", "HR System.BLL\HR System.BLL.csproj", "{06CC6FD3-0E42-4D99-8FF2-2B51182931CD}"
EndProject
Project("{FAE04EC0-301F-11D3-BF4B-00C04F79EFBC}") = "HR System.DAL", "HR System.DAL\HR System.DAL.csproj", "{CE7D7AE4-885A-4615-BC94-4DFD9A1D7633}"
EndProject
Global
	GlobalSection(SolutionConfigurationPlatforms) = preSolution
		Debug|Any CPU = Debug|Any CPU
		Release|Any CPU = Release|Any CPU
	EndGlobalSection
	GlobalSection(ProjectConfigurationPlatforms) = postSolution
		{1B6CF2C6-239E-4AD4-B358-3698A9DE98AD}.Debug|Any CPU.ActiveCfg = Debug|Any CPU
		{1B6CF2C6-239E-4AD4-B358-3698A9DE98AD}.Debug|Any CPU.Build.0 = Debug|Any CPU
		{1B6CF2C6-239E-4AD4-B358-3698A9DE98AD}.Release|Any CPU.ActiveCfg = Release|Any CPU
		{1B6CF2C6-239E-4AD4-B358-3698A9DE98AD}.Release|Any CPU.Build.0 = Release|Any CPU
		{06CC6FD3-0E42-4D99-8FF2-2B51182931CD}.Debug|Any CPU.ActiveCfg = Debug|Any CPU
		{06CC6FD3-0E42-4D99-8FF2-2B51182931CD}.Debug|Any CPU.Build.0 = Debug|Any CPU
		{06CC6FD3-0E42-4D99-8FF2-2B51182931CD}.Release|Any CPU.ActiveCfg = Release|Any CPU
		{06CC6FD3-0E42-4D99-8FF2-2B51182931CD}.Release|Any CPU.Build.0 = Release|Any CPU
		{CE7D7AE4-885A-4615-BC94-4DFD9A1D7633}.Debug|Any CPU.ActiveCfg = Debug|Any CPU
		{CE7D7AE4-885A-4615-BC94-4DFD9A1D7633}.Debug|Any CPU.Build.0 = Debug|Any CPU
		{CE7D7AE4-885A-4615-BC94-4DFD9A1D7633}.Release|Any CPU.ActiveCfg = Release|Any CPU
		{CE7D7AE4-885A-4615-BC94-4DFD9A1D7633}.Release|Any CPU.Build.0 = Release|Any CPU
	EndGlobalSection
	GlobalSection(SolutionProperties) = preSolution
		HideSolutionNode = FALSE
	EndGlobalSection
	GlobalSection(ExtensibilityGlobals) = postSolution
		SolutionGuid = {60E79BF0-40D4-48C2-A1D2-F407C20C66ED}
	EndGlobalSection
EndGlobal
